
Microsoft Visual Studio Solution File, Format Version 12.00
# Visual Studio 14
VisualStudioVersion = 14.0.25123.0
MinimumVisualStudioVersion = 10.0.40219.1
Project("{FAE04EC0-301F-11D3-BF4B-00C04F79EFBC}") = "BaystateHealth.Business", "BaystateHealth.Business\BaystateHealth.Business.csproj", "{3F8C6BC2-257C-460D-B5CB-C3B2A376AA47}"
EndProject
Project("{FAE04EC0-301F-11D3-BF4B-00C04F79EFBC}") = "BaystateHealth.Business.Services.WaitTimes.Test", "BaystateHealth.Business.Services.WaitTimes.Test\BaystateHealth.Business.Services.WaitTimes.Test.csproj", "{2BD41F36-8F97-4A31-B1FA-8BB0851205F0}"
EndProject
Project("{FAE04EC0-301F-11D3-BF4B-00C04F79EFBC}") = "BaystateHealth.Website", "BaystateHealth.Website\BaystateHealth.Website.csproj", "{D33FE888-2279-415E-9AA9-20DA7016D3F1}"
EndProject
Project("{FAE04EC0-301F-11D3-BF4B-00C04F79EFBC}") = "BaystateHealth.FormsWebsite", "BaystateHealth.FormsWebsite\BaystateHealth.FormsWebsite.csproj", "{6A319429-988F-4492-B28F-B0E84FBF1BA9}"
EndProject
Global
	GlobalSection(SolutionConfigurationPlatforms) = preSolution
		Debug|Any CPU = Debug|Any CPU
		Release|Any CPU = Release|Any CPU
	EndGlobalSection
	GlobalSection(ProjectConfigurationPlatforms) = postSolution
		{3F8C6BC2-257C-460D-B5CB-C3B2A376AA47}.Debug|Any CPU.ActiveCfg = Debug|Any CPU
		{3F8C6BC2-257C-460D-B5CB-C3B2A376AA47}.Debug|Any CPU.Build.0 = Debug|Any CPU
		{3F8C6BC2-257C-460D-B5CB-C3B2A376AA47}.Release|Any CPU.ActiveCfg = Release|Any CPU
		{3F8C6BC2-257C-460D-B5CB-C3B2A376AA47}.Release|Any CPU.Build.0 = Release|Any CPU
		{2BD41F36-8F97-4A31-B1FA-8BB0851205F0}.Debug|Any CPU.ActiveCfg = Debug|Any CPU
		{2BD41F36-8F97-4A31-B1FA-8BB0851205F0}.Debug|Any CPU.Build.0 = Debug|Any CPU
		{2BD41F36-8F97-4A31-B1FA-8BB0851205F0}.Release|Any CPU.ActiveCfg = Release|Any CPU
		{2BD41F36-8F97-4A31-B1FA-8BB0851205F0}.Release|Any CPU.Build.0 = Release|Any CPU
		{D33FE888-2279-415E-9AA9-20DA7016D3F1}.Debug|Any CPU.ActiveCfg = Debug|Any CPU
		{D33FE888-2279-415E-9AA9-20DA7016D3F1}.Debug|Any CPU.Build.0 = Debug|Any CPU
		{D33FE888-2279-415E-9AA9-20DA7016D3F1}.Release|Any CPU.ActiveCfg = Release|Any CPU
		{D33FE888-2279-415E-9AA9-20DA7016D3F1}.Release|Any CPU.Build.0 = Release|Any CPU
		{6A319429-988F-4492-B28F-B0E84FBF1BA9}.Debug|Any CPU.ActiveCfg = Debug|Any CPU
		{6A319429-988F-4492-B28F-B0E84FBF1BA9}.Debug|Any CPU.Build.0 = Debug|Any CPU
		{6A319429-988F-4492-B28F-B0E84FBF1BA9}.Release|Any CPU.ActiveCfg = Release|Any CPU
		{6A319429-988F-4492-B28F-B0E84FBF1BA9}.Release|Any CPU.Build.0 = Release|Any CPU
	EndGlobalSection
	GlobalSection(SolutionProperties) = preSolution
		HideSolutionNode = FALSE
	EndGlobalSection
EndGlobal
